
Microsoft Visual Studio Solution File, Format Version 12.00
# Visual Studio Version 17
VisualStudioVersion = 17.10.35013.160
MinimumVisualStudioVersion = 10.0.40219.1
Project("{FAE04EC0-301F-11D3-BF4B-00C04F79EFBC}") = "EA-Store", "EA-Store.csproj", "{D1DFD8A3-D6B9-4F3E-ACFD-949FCC595DA8}"
EndProject
Global
	GlobalSection(SolutionConfigurationPlatforms) = preSolution
		Debug|Any CPU = Debug|Any CPU
		Release|Any CPU = Release|Any CPU
	EndGlobalSection
	GlobalSection(ProjectConfigurationPlatforms) = postSolution
		{D1DFD8A3-D6B9-4F3E-ACFD-949FCC595DA8}.Debug|Any CPU.ActiveCfg = Debug|Any CPU
		{D1DFD8A3-D6B9-4F3E-ACFD-949FCC595DA8}.Debug|Any CPU.Build.0 = Debug|Any CPU
		{D1DFD8A3-D6B9-4F3E-ACFD-949FCC595DA8}.Release|Any CPU.ActiveCfg = Release|Any CPU
		{D1DFD8A3-D6B9-4F3E-ACFD-949FCC595DA8}.Release|Any CPU.Build.0 = Release|Any CPU
	EndGlobalSection
	GlobalSection(SolutionProperties) = preSolution
		HideSolutionNode = FALSE
	EndGlobalSection
	GlobalSection(ExtensibilityGlobals) = postSolution
		SolutionGuid = {50AB4A13-9705-4C0C-B7FF-C617CDCB2B11}
	EndGlobalSection
EndGlobal
